
Microsoft Visual Studio Solution File, Format Version 12.00
# Visual Studio Version 16
VisualStudioVersion = 16.0.31624.102
MinimumVisualStudioVersion = 10.0.40219.1
Project("{FAE04EC0-301F-11D3-BF4B-00C04F79EFBC}") = "NewTalents", "New talents\NewTalents.csproj", "{6011F8DB-5890-4E8C-B04D-7E9409B18844}"
EndProject
Project("{FAE04EC0-301F-11D3-BF4B-00C04F79EFBC}") = "TestNewTalent", "TestNewTalent\TestNewTalent.csproj", "{EECFB4D4-331C-4F78-9838-F4842FE8DDD8}"
EndProject
Global
	GlobalSection(SolutionConfigurationPlatforms) = preSolution
		Debug|Any CPU = Debug|Any CPU
		Release|Any CPU = Release|Any CPU
	EndGlobalSection
	GlobalSection(ProjectConfigurationPlatforms) = postSolution
		{6011F8DB-5890-4E8C-B04D-7E9409B18844}.Debug|Any CPU.ActiveCfg = Debug|Any CPU
		{6011F8DB-5890-4E8C-B04D-7E9409B18844}.Debug|Any CPU.Build.0 = Debug|Any CPU
		{6011F8DB-5890-4E8C-B04D-7E9409B18844}.Release|Any CPU.ActiveCfg = Release|Any CPU
		{6011F8DB-5890-4E8C-B04D-7E9409B18844}.Release|Any CPU.Build.0 = Release|Any CPU
		{EECFB4D4-331C-4F78-9838-F4842FE8DDD8}.Debug|Any CPU.ActiveCfg = Debug|Any CPU
		{EECFB4D4-331C-4F78-9838-F4842FE8DDD8}.Debug|Any CPU.Build.0 = Debug|Any CPU
		{EECFB4D4-331C-4F78-9838-F4842FE8DDD8}.Release|Any CPU.ActiveCfg = Release|Any CPU
		{EECFB4D4-331C-4F78-9838-F4842FE8DDD8}.Release|Any CPU.Build.0 = Release|Any CPU
	EndGlobalSection
	GlobalSection(SolutionProperties) = preSolution
		HideSolutionNode = FALSE
	EndGlobalSection
	GlobalSection(ExtensibilityGlobals) = postSolution
		SolutionGuid = {CD28D971-7CF1-4515-82BF-3B71DDEF83DF}
	EndGlobalSection
EndGlobal
